// !$*UTF8*$!
{
	archiveVersion = 1;
	classes = {
	};
	objectVersion = 50;
	objects = {

/* Begin PBXBuildFile section */
		F12A99ED22B2DD0B00BA2254 /* HouseDetailViewController.swift in Sources */ = {isa = PBXBuildFile; fileRef = F12A99EB22B2DD0B00BA2254 /* HouseDetailViewController.swift */; };
		F12A99EE22B2DD0B00BA2254 /* HouseDetailViewController.xib in Resources */ = {isa = PBXBuildFile; fileRef = F12A99EC22B2DD0B00BA2254 /* HouseDetailViewController.xib */; };
		F19904ED22AF0B1400D13F87 /* AppDelegate.swift in Sources */ = {isa = PBXBuildFile; fileRef = F19904EC22AF0B1400D13F87 /* AppDelegate.swift */; };
		F19904F422AF0B1500D13F87 /* Assets.xcassets in Resources */ = {isa = PBXBuildFile; fileRef = F19904F322AF0B1500D13F87 /* Assets.xcassets */; };
		F19904F722AF0B1500D13F87 /* LaunchScreen.storyboard in Resources */ = {isa = PBXBuildFile; fileRef = F19904F522AF0B1500D13F87 /* LaunchScreen.storyboard */; };
		F199050D22AF11E300D13F87 /* HouseTests.swift in Sources */ = {isa = PBXBuildFile; fileRef = F199050C22AF11E300D13F87 /* HouseTests.swift */; };
		F1A437D222B19BE7008FC13E /* Sigil.swift in Sources */ = {isa = PBXBuildFile; fileRef = F1A437D122B19BE7008FC13E /* Sigil.swift */; };
		F1A437D722B1A311008FC13E /* Person.swift in Sources */ = {isa = PBXBuildFile; fileRef = F1A437D422B1A194008FC13E /* Person.swift */; };
		F1A437D922B1AF39008FC13E /* PersonTests.swift in Sources */ = {isa = PBXBuildFile; fileRef = F1A437D822B1AF39008FC13E /* PersonTests.swift */; };
		F1A845A122B03117002B8AE9 /* House.swift in Sources */ = {isa = PBXBuildFile; fileRef = F1A845A022B03117002B8AE9 /* House.swift */; };
/* End PBXBuildFile section */

/* Begin PBXContainerItemProxy section */
		F19904FE22AF0B1500D13F87 /* PBXContainerItemProxy */ = {
			isa = PBXContainerItemProxy;
			containerPortal = F19904E122AF0B1400D13F87 /* Project object */;
			proxyType = 1;
			remoteGlobalIDString = F19904E822AF0B1400D13F87;
			remoteInfo = Westeros;
		};
/* End PBXContainerItemProxy section */

/* Begin PBXFileReference section */
		F12A99EB22B2DD0B00BA2254 /* HouseDetailViewController.swift */ = {isa = PBXFileReference; lastKnownFileType = sourcecode.swift; path = HouseDetailViewController.swift; sourceTree = "<group>"; };
		F12A99EC22B2DD0B00BA2254 /* HouseDetailViewController.xib */ = {isa = PBXFileReference; lastKnownFileType = file.xib; path = HouseDetailViewController.xib; sourceTree = "<group>"; };
		F19904E922AF0B1400D13F87 /* Westeros.app */ = {isa = PBXFileReference; explicitFileType = wrapper.application; includeInIndex = 0; path = Westeros.app; sourceTree = BUILT_PRODUCTS_DIR; };
		F19904EC22AF0B1400D13F87 /* AppDelegate.swift */ = {isa = PBXFileReference; lastKnownFileType = sourcecode.swift; path = AppDelegate.swift; sourceTree = "<group>"; };
		F19904F322AF0B1500D13F87 /* Assets.xcassets */ = {isa = PBXFileReference; lastKnownFileType = folder.assetcatalog; path = Assets.xcassets; sourceTree = "<group>"; };
		F19904F622AF0B1500D13F87 /* Base */ = {isa = PBXFileReference; lastKnownFileType = file.storyboard; name = Base; path = Base.lproj/LaunchScreen.storyboard; sourceTree = "<group>"; };
		F19904F822AF0B1500D13F87 /* Info.plist */ = {isa = PBXFileReference; lastKnownFileType = text.plist.xml; path = Info.plist; sourceTree = "<group>"; };
		F19904FD22AF0B1500D13F87 /* WesterosTests.xctest */ = {isa = PBXFileReference; explicitFileType = wrapper.cfbundle; includeInIndex = 0; path = WesterosTests.xctest; sourceTree = BUILT_PRODUCTS_DIR; };
		F199050322AF0B1500D13F87 /* Info.plist */ = {isa = PBXFileReference; lastKnownFileType = text.plist.xml; path = Info.plist; sourceTree = "<group>"; };
		F199050C22AF11E300D13F87 /* HouseTests.swift */ = {isa = PBXFileReference; lastKnownFileType = sourcecode.swift; path = HouseTests.swift; sourceTree = "<group>"; };
		F1A437D122B19BE7008FC13E /* Sigil.swift */ = {isa = PBXFileReference; lastKnownFileType = sourcecode.swift; path = Sigil.swift; sourceTree = "<group>"; };
		F1A437D422B1A194008FC13E /* Person.swift */ = {isa = PBXFileReference; lastKnownFileType = sourcecode.swift; path = Person.swift; sourceTree = "<group>"; };
		F1A437D822B1AF39008FC13E /* PersonTests.swift */ = {isa = PBXFileReference; lastKnownFileType = sourcecode.swift; path = PersonTests.swift; sourceTree = "<group>"; };
		F1A845A022B03117002B8AE9 /* House.swift */ = {isa = PBXFileReference; lastKnownFileType = sourcecode.swift; path = House.swift; sourceTree = "<group>"; };
/* End PBXFileReference section */

/* Begin PBXFrameworksBuildPhase section */
		F19904E622AF0B1400D13F87 /* Frameworks */ = {
			isa = PBXFrameworksBuildPhase;
			buildActionMask = 2147483647;
			files = (
			);
			runOnlyForDeploymentPostprocessing = 0;
		};
		F19904FA22AF0B1500D13F87 /* Frameworks */ = {
			isa = PBXFrameworksBuildPhase;
			buildActionMask = 2147483647;
			files = (
			);
			runOnlyForDeploymentPostprocessing = 0;
		};
/* End PBXFrameworksBuildPhase section */

/* Begin PBXGroup section */
		F12A99EA22B2DC5500BA2254 /* Controller */ = {
			isa = PBXGroup;
			children = (
				F12A99EB22B2DD0B00BA2254 /* HouseDetailViewController.swift */,
				F12A99EC22B2DD0B00BA2254 /* HouseDetailViewController.xib */,
			);
			path = Controller;
			sourceTree = "<group>";
		};
		F19904E022AF0B1400D13F87 = {
			isa = PBXGroup;
			children = (
				F19904EB22AF0B1400D13F87 /* Westeros */,
				F199050022AF0B1500D13F87 /* WesterosTests */,
				F19904EA22AF0B1400D13F87 /* Products */,
			);
			sourceTree = "<group>";
		};
		F19904EA22AF0B1400D13F87 /* Products */ = {
			isa = PBXGroup;
			children = (
				F19904E922AF0B1400D13F87 /* Westeros.app */,
				F19904FD22AF0B1500D13F87 /* WesterosTests.xctest */,
			);
			name = Products;
			sourceTree = "<group>";
		};
		F19904EB22AF0B1400D13F87 /* Westeros */ = {
			isa = PBXGroup;
			children = (
				F12A99EA22B2DC5500BA2254 /* Controller */,
				F1A8459D22B02C86002B8AE9 /* Domain */,
				F19904EC22AF0B1400D13F87 /* AppDelegate.swift */,
				F19904F322AF0B1500D13F87 /* Assets.xcassets */,
				F19904F522AF0B1500D13F87 /* LaunchScreen.storyboard */,
				F19904F822AF0B1500D13F87 /* Info.plist */,
			);
			path = Westeros;
			sourceTree = "<group>";
		};
		F199050022AF0B1500D13F87 /* WesterosTests */ = {
			isa = PBXGroup;
			children = (
				F199050322AF0B1500D13F87 /* Info.plist */,
				F199050C22AF11E300D13F87 /* HouseTests.swift */,
				F1A437D822B1AF39008FC13E /* PersonTests.swift */,
			);
			path = WesterosTests;
			sourceTree = "<group>";
		};
		F1A8459D22B02C86002B8AE9 /* Domain */ = {
			isa = PBXGroup;
			children = (
				F1A845A022B03117002B8AE9 /* House.swift */,
				F1A437D122B19BE7008FC13E /* Sigil.swift */,
				F1A437D422B1A194008FC13E /* Person.swift */,
			);
			path = Domain;
			sourceTree = "<group>";
		};
/* End PBXGroup section */

/* Begin PBXNativeTarget section */
		F19904E822AF0B1400D13F87 /* Westeros */ = {
			isa = PBXNativeTarget;
			buildConfigurationList = F199050622AF0B1600D13F87 /* Build configuration list for PBXNativeTarget "Westeros" */;
			buildPhases = (
				F19904E522AF0B1400D13F87 /* Sources */,
				F19904E622AF0B1400D13F87 /* Frameworks */,
				F19904E722AF0B1400D13F87 /* Resources */,
			);
			buildRules = (
			);
			dependencies = (
			);
			name = Westeros;
			productName = Westeros;
			productReference = F19904E922AF0B1400D13F87 /* Westeros.app */;
			productType = "com.apple.product-type.application";
		};
		F19904FC22AF0B1500D13F87 /* WesterosTests */ = {
			isa = PBXNativeTarget;
			buildConfigurationList = F199050922AF0B1600D13F87 /* Build configuration list for PBXNativeTarget "WesterosTests" */;
			buildPhases = (
				F19904F922AF0B1500D13F87 /* Sources */,
				F19904FA22AF0B1500D13F87 /* Frameworks */,
				F19904FB22AF0B1500D13F87 /* Resources */,
			);
			buildRules = (
			);
			dependencies = (
				F19904FF22AF0B1500D13F87 /* PBXTargetDependency */,
			);
			name = WesterosTests;
			productName = WesterosTests;
			productReference = F19904FD22AF0B1500D13F87 /* WesterosTests.xctest */;
			productType = "com.apple.product-type.bundle.unit-test";
		};
/* End PBXNativeTarget section */

/* Begin PBXProject section */
		F19904E122AF0B1400D13F87 /* Project object */ = {
			isa = PBXProject;
			attributes = {
				LastSwiftUpdateCheck = 1020;
				LastUpgradeCheck = 1020;
				ORGANIZATIONNAME = "Santiago Sanchez merino";
				TargetAttributes = {
					F19904E822AF0B1400D13F87 = {
						CreatedOnToolsVersion = 10.2.1;
					};
					F19904FC22AF0B1500D13F87 = {
						CreatedOnToolsVersion = 10.2.1;
						LastSwiftMigration = 1020;
						TestTargetID = F19904E822AF0B1400D13F87;
					};
				};
			};
			buildConfigurationList = F19904E422AF0B1400D13F87 /* Build configuration list for PBXProject "Westeros" */;
			compatibilityVersion = "Xcode 9.3";
			developmentRegion = en;
			hasScannedForEncodings = 0;
			knownRegions = (
				en,
				Base,
			);
			mainGroup = F19904E022AF0B1400D13F87;
			productRefGroup = F19904EA22AF0B1400D13F87 /* Products */;
			projectDirPath = "";
			projectRoot = "";
			targets = (
				F19904E822AF0B1400D13F87 /* Westeros */,
				F19904FC22AF0B1500D13F87 /* WesterosTests */,
			);
		};
/* End PBXProject section */

/* Begin PBXResourcesBuildPhase section */
		F19904E722AF0B1400D13F87 /* Resources */ = {
			isa = PBXResourcesBuildPhase;
			buildActionMask = 2147483647;
			files = (
				F19904F722AF0B1500D13F87 /* LaunchScreen.storyboard in Resources */,
				F19904F422AF0B1500D13F87 /* Assets.xcassets in Resources */,
				F12A99EE22B2DD0B00BA2254 /* HouseDetailViewController.xib in Resources */,
			);
			runOnlyForDeploymentPostprocessing = 0;
		};
		F19904FB22AF0B1500D13F87 /* Resources */ = {
			isa = PBXResourcesBuildPhase;
			buildActionMask = 2147483647;
			files = (
			);
			runOnlyForDeploymentPostprocessing = 0;
		};
/* End PBXResourcesBuildPhase section */

/* Begin PBXSourcesBuildPhase section */
		F19904E522AF0B1400D13F87 /* Sources */ = {
			isa = PBXSourcesBuildPhase;
			buildActionMask = 2147483647;
			files = (
				F12A99ED22B2DD0B00BA2254 /* HouseDetailViewController.swift in Sources */,
				F1A437D222B19BE7008FC13E /* Sigil.swift in Sources */,
				F1A845A122B03117002B8AE9 /* House.swift in Sources */,
				F1A437D722B1A311008FC13E /* Person.swift in Sources */,
				F19904ED22AF0B1400D13F87 /* AppDelegate.swift in Sources */,
			);
			runOnlyForDeploymentPostprocessing = 0;
		};
		F19904F922AF0B1500D13F87 /* Sources */ = {
			isa = PBXSourcesBuildPhase;
			buildActionMask = 2147483647;
			files = (
				F1A437D922B1AF39008FC13E /* PersonTests.swift in Sources */,
				F199050D22AF11E300D13F87 /* HouseTests.swift in Sources */,
			);
			runOnlyForDeploymentPostprocessing = 0;
		};
/* End PBXSourcesBuildPhase section */

/* Begin PBXTargetDependency section */
		F19904FF22AF0B1500D13F87 /* PBXTargetDependency */ = {
			isa = PBXTargetDependency;
			target = F19904E822AF0B1400D13F87 /* Westeros */;
			targetProxy = F19904FE22AF0B1500D13F87 /* PBXContainerItemProxy */;
		};
/* End PBXTargetDependency section */

/* Begin PBXVariantGroup section */
		F19904F522AF0B1500D13F87 /* LaunchScreen.storyboard */ = {
			isa = PBXVariantGroup;
			children = (
				F19904F622AF0B1500D13F87 /* Base */,
			);
			name = LaunchScreen.storyboard;
			sourceTree = "<group>";
		};
/* End PBXVariantGroup section */

/* Begin XCBuildConfiguration section */
		F199050422AF0B1500D13F87 /* Debug */ = {
			isa = XCBuildConfiguration;
			buildSettings = {
				ALWAYS_SEARCH_USER_PATHS = NO;
				CLANG_ANALYZER_NONNULL = YES;
				CLANG_ANALYZER_NUMBER_OBJECT_CONVERSION = YES_AGGRESSIVE;
				CLANG_CXX_LANGUAGE_STANDARD = "gnu++14";
				CLANG_CXX_LIBRARY = "libc++";
				CLANG_ENABLE_MODULES = YES;
				CLANG_ENABLE_OBJC_ARC = YES;
				CLANG_ENABLE_OBJC_WEAK = YES;
				CLANG_WARN_BLOCK_CAPTURE_AUTORELEASING = YES;
				CLANG_WARN_BOOL_CONVERSION = YES;
				CLANG_WARN_COMMA = YES;
				CLANG_WARN_CONSTANT_CONVERSION = YES;
				CLANG_WARN_DEPRECATED_OBJC_IMPLEMENTATIONS = YES;
				CLANG_WARN_DIRECT_OBJC_ISA_USAGE = YES_ERROR;
				CLANG_WARN_DOCUMENTATION_COMMENTS = YES;
				CLANG_WARN_EMPTY_BODY = YES;
				CLANG_WARN_ENUM_CONVERSION = YES;
				CLANG_WARN_INFINITE_RECURSION = YES;
				CLANG_WARN_INT_CONVERSION = YES;
				CLANG_WARN_NON_LITERAL_NULL_CONVERSION = YES;
				CLANG_WARN_OBJC_IMPLICIT_RETAIN_SELF = YES;
				CLANG_WARN_OBJC_LITERAL_CONVERSION = YES;
				CLANG_WARN_OBJC_ROOT_CLASS = YES_ERROR;
				CLANG_WARN_RANGE_LOOP_ANALYSIS = YES;
				CLANG_WARN_STRICT_PROTOTYPES = YES;
				CLANG_WARN_SUSPICIOUS_MOVE = YES;
				CLANG_WARN_UNGUARDED_AVAILABILITY = YES_AGGRESSIVE;
				CLANG_WARN_UNREACHABLE_CODE = YES;
				CLANG_WARN__DUPLICATE_METHOD_MATCH = YES;
				CODE_SIGN_IDENTITY = "iPhone Developer";
				COPY_PHASE_STRIP = NO;
				DEBUG_INFORMATION_FORMAT = dwarf;
				ENABLE_STRICT_OBJC_MSGSEND = YES;
				ENABLE_TESTABILITY = YES;
				GCC_C_LANGUAGE_STANDARD = gnu11;
				GCC_DYNAMIC_NO_PIC = NO;
				GCC_NO_COMMON_BLOCKS = YES;
				GCC_OPTIMIZATION_LEVEL = 0;
				GCC_PREPROCESSOR_DEFINITIONS = (
					"DEBUG=1",
					"$(inherited)",
				);
				GCC_WARN_64_TO_32_BIT_CONVERSION = YES;
				GCC_WARN_ABOUT_RETURN_TYPE = YES_ERROR;
				GCC_WARN_UNDECLARED_SELECTOR = YES;
				GCC_WARN_UNINITIALIZED_AUTOS = YES_AGGRESSIVE;
				GCC_WARN_UNUSED_FUNCTION = YES;
				GCC_WARN_UNUSED_VARIABLE = YES;
				IPHONEOS_DEPLOYMENT_TARGET = 12.2;
				MTL_ENABLE_DEBUG_INFO = INCLUDE_SOURCE;
				MTL_FAST_MATH = YES;
				ONLY_ACTIVE_ARCH = YES;
				SDKROOT = iphoneos;
				SWIFT_ACTIVE_COMPILATION_CONDITIONS = DEBUG;
				SWIFT_OPTIMIZATION_LEVEL = "-Onone";
			};
			name = Debug;
		};
		F199050522AF0B1600D13F87 /* Release */ = {
			isa = XCBuildConfiguration;
			buildSettings = {
				ALWAYS_SEARCH_USER_PATHS = NO;
				CLANG_ANALYZER_NONNULL = YES;
				CLANG_ANALYZER_NUMBER_OBJECT_CONVERSION = YES_AGGRESSIVE;
				CLANG_CXX_LANGUAGE_STANDARD = "gnu++14";
				CLANG_CXX_LIBRARY = "libc++";
				CLANG_ENABLE_MODULES = YES;
				CLANG_ENABLE_OBJC_ARC = YES;
				CLANG_ENABLE_OBJC_WEAK = YES;
				CLANG_WARN_BLOCK_CAPTURE_AUTORELEASING = YES;
				CLANG_WARN_BOOL_CONVERSION = YES;
				CLANG_WARN_COMMA = YES;
				CLANG_WARN_CONSTANT_CONVERSION = YES;
				CLANG_WARN_DEPRECATED_OBJC_IMPLEMENTATIONS = YES;
				CLANG_WARN_DIRECT_OBJC_ISA_USAGE = YES_ERROR;
				CLANG_WARN_DOCUMENTATION_COMMENTS = YES;
				CLANG_WARN_EMPTY_BODY = YES;
				CLANG_WARN_ENUM_CONVERSION = YES;
				CLANG_WARN_INFINITE_RECURSION = YES;
				CLANG_WARN_INT_CONVERSION = YES;
				CLANG_WARN_NON_LITERAL_NULL_CONVERSION = YES;
				CLANG_WARN_OBJC_IMPLICIT_RETAIN_SELF = YES;
				CLANG_WARN_OBJC_LITERAL_CONVERSION = YES;
				CLANG_WARN_OBJC_ROOT_CLASS = YES_ERROR;
				CLANG_WARN_RANGE_LOOP_ANALYSIS = YES;
				CLANG_WARN_STRICT_PROTOTYPES = YES;
				CLANG_WARN_SUSPICIOUS_MOVE = YES;
				CLANG_WARN_UNGUARDED_AVAILABILITY = YES_AGGRESSIVE;
				CLANG_WARN_UNREACHABLE_CODE = YES;
				CLANG_WARN__DUPLICATE_METHOD_MATCH = YES;
				CODE_SIGN_IDENTITY = "iPhone Developer";
				COPY_PHASE_STRIP = NO;
				DEBUG_INFORMATION_FORMAT = "dwarf-with-dsym";
				ENABLE_NS_ASSERTIONS = NO;
				ENABLE_STRICT_OBJC_MSGSEND = YES;
				GCC_C_LANGUAGE_STANDARD = gnu11;
				GCC_NO_COMMON_BLOCKS = YES;
				GCC_WARN_64_TO_32_BIT_CONVERSION = YES;
				GCC_WARN_ABOUT_RETURN_TYPE = YES_ERROR;
				GCC_WARN_UNDECLARED_SELECTOR = YES;
				GCC_WARN_UNINITIALIZED_AUTOS = YES_AGGRESSIVE;
				GCC_WARN_UNUSED_FUNCTION = YES;
				GCC_WARN_UNUSED_VARIABLE = YES;
				IPHONEOS_DEPLOYMENT_TARGET = 12.2;
				MTL_ENABLE_DEBUG_INFO = NO;
				MTL_FAST_MATH = YES;
				SDKROOT = iphoneos;
				SWIFT_COMPILATION_MODE = wholemodule;
				SWIFT_OPTIMIZATION_LEVEL = "-O";
				VALIDATE_PRODUCT = YES;
			};
			name = Release;
		};
		F199050722AF0B1600D13F87 /* Debug */ = {
			isa = XCBuildConfiguration;
			buildSettings = {
				ASSETCATALOG_COMPILER_APPICON_NAME = AppIcon;
				CODE_SIGN_STYLE = Automatic;
				DEVELOPMENT_TEAM = LT3BDD3ZKZ;
				INFOPLIST_FILE = Westeros/Info.plist;
				LD_RUNPATH_SEARCH_PATHS = (
					"$(inherited)",
					"@executable_path/Frameworks",
				);
				PRODUCT_BUNDLE_IDENTIFIER = com.santiagosanchez.Westeros;
				PRODUCT_NAME = "$(TARGET_NAME)";
				SWIFT_VERSION = 5.0;
				TARGETED_DEVICE_FAMILY = "1,2";
			};
			name = Debug;
		};
		F199050822AF0B1600D13F87 /* Release */ = {
			isa = XCBuildConfiguration;
			buildSettings = {
				ASSETCATALOG_COMPILER_APPICON_NAME = AppIcon;
				CODE_SIGN_STYLE = Automatic;
				DEVELOPMENT_TEAM = LT3BDD3ZKZ;
				INFOPLIST_FILE = Westeros/Info.plist;
				LD_RUNPATH_SEARCH_PATHS = (
					"$(inherited)",
					"@executable_path/Frameworks",
				);
				PRODUCT_BUNDLE_IDENTIFIER = com.santiagosanchez.Westeros;
				PRODUCT_NAME = "$(TARGET_NAME)";
				SWIFT_VERSION = 5.0;
				TARGETED_DEVICE_FAMILY = "1,2";
			};
			name = Release;
		};
		F199050A22AF0B1600D13F87 /* Debug */ = {
			isa = XCBuildConfiguration;
			buildSettings = {
				ALWAYS_EMBED_SWIFT_STANDARD_LIBRARIES = YES;
				BUNDLE_LOADER = "$(TEST_HOST)";
				CLANG_ENABLE_MODULES = YES;
				CODE_SIGN_STYLE = Automatic;
				DEVELOPMENT_TEAM = LT3BDD3ZKZ;
				INFOPLIST_FILE = WesterosTests/Info.plist;
				LD_RUNPATH_SEARCH_PATHS = (
					"$(inherited)",
					"@executable_path/Frameworks",
					"@loader_path/Frameworks",
				);
				PRODUCT_BUNDLE_IDENTIFIER = com.santiagosanchez.WesterosTests;
				PRODUCT_NAME = "$(TARGET_NAME)";
				SWIFT_OPTIMIZATION_LEVEL = "-Onone";
				SWIFT_VERSION = 5.0;
				TARGETED_DEVICE_FAMILY = "1,2";
				TEST_HOST = "$(BUILT_PRODUCTS_DIR)/Westeros.app/Westeros";
			};
			name = Debug;
		};
		F199050B22AF0B1600D13F87 /* Release */ = {
			isa = XCBuildConfiguration;
			buildSettings = {
				ALWAYS_EMBED_SWIFT_STANDARD_LIBRARIES = YES;
				BUNDLE_LOADER = "$(TEST_HOST)";
				CLANG_ENABLE_MODULES = YES;
				CODE_SIGN_STYLE = Automatic;
				DEVELOPMENT_TEAM = LT3BDD3ZKZ;
				INFOPLIST_FILE = WesterosTests/Info.plist;
				LD_RUNPATH_SEARCH_PATHS = (
					"$(inherited)",
					"@executable_path/Frameworks",
					"@loader_path/Frameworks",
				);
				PRODUCT_BUNDLE_IDENTIFIER = com.santiagosanchez.WesterosTests;
				PRODUCT_NAME = "$(TARGET_NAME)";
				SWIFT_VERSION = 5.0;
				TARGETED_DEVICE_FAMILY = "1,2";
				TEST_HOST = "$(BUILT_PRODUCTS_DIR)/Westeros.app/Westeros";
			};
			name = Release;
		};
/* End XCBuildConfiguration section */

/* Begin XCConfigurationList section */
		F19904E422AF0B1400D13F87 /* Build configuration list for PBXProject "Westeros" */ = {
			isa = XCConfigurationList;
			buildConfigurations = (
				F199050422AF0B1500D13F87 /* Debug */,
				F199050522AF0B1600D13F87 /* Release */,
			);
			defaultConfigurationIsVisible = 0;
			defaultConfigurationName = Release;
		};
		F199050622AF0B1600D13F87 /* Build configuration list for PBXNativeTarget "Westeros" */ = {
			isa = XCConfigurationList;
			buildConfigurations = (
				F199050722AF0B1600D13F87 /* Debug */,
				F199050822AF0B1600D13F87 /* Release */,
			);
			defaultConfigurationIsVisible = 0;
			defaultConfigurationName = Release;
		};
		F199050922AF0B1600D13F87 /* Build configuration list for PBXNativeTarget "WesterosTests" */ = {
			isa = XCConfigurationList;
			buildConfigurations = (
				F199050A22AF0B1600D13F87 /* Debug */,
				F199050B22AF0B1600D13F87 /* Release */,
			);
			defaultConfigurationIsVisible = 0;
			defaultConfigurationName = Release;
		};
/* End XCConfigurationList section */
	};
	rootObject = F19904E122AF0B1400D13F87 /* Project object */;
}
